
Microsoft Visual Studio Solution File, Format Version 12.00
# Visual Studio Version 17
VisualStudioVersion = 17.0.32112.339
MinimumVisualStudioVersion = 10.0.40219.1
Project("{FAE04EC0-301F-11D3-BF4B-00C04F79EFBC}") = "FilmApli", "FilmApli\FilmApli.csproj", "{8D702601-3AEE-4EC7-A72B-5825BD6381F8}"
EndProject
Project("{00D1A9C2-B5F0-4AF3-8072-F6C62B433612}") = "DB_FilmApli", "DB_FilmApli\DB_FilmApli.sqlproj", "{7C76402A-E00D-48C2-8F0C-7E3914EAB90B}"
EndProject
Global
	GlobalSection(SolutionConfigurationPlatforms) = preSolution
		Debug|Any CPU = Debug|Any CPU
		Release|Any CPU = Release|Any CPU
	EndGlobalSection
	GlobalSection(ProjectConfigurationPlatforms) = postSolution
		{8D702601-3AEE-4EC7-A72B-5825BD6381F8}.Debug|Any CPU.ActiveCfg = Debug|Any CPU
		{8D702601-3AEE-4EC7-A72B-5825BD6381F8}.Debug|Any CPU.Build.0 = Debug|Any CPU
		{8D702601-3AEE-4EC7-A72B-5825BD6381F8}.Release|Any CPU.ActiveCfg = Release|Any CPU
		{8D702601-3AEE-4EC7-A72B-5825BD6381F8}.Release|Any CPU.Build.0 = Release|Any CPU
		{7C76402A-E00D-48C2-8F0C-7E3914EAB90B}.Debug|Any CPU.ActiveCfg = Debug|Any CPU
		{7C76402A-E00D-48C2-8F0C-7E3914EAB90B}.Debug|Any CPU.Build.0 = Debug|Any CPU
		{7C76402A-E00D-48C2-8F0C-7E3914EAB90B}.Debug|Any CPU.Deploy.0 = Debug|Any CPU
		{7C76402A-E00D-48C2-8F0C-7E3914EAB90B}.Release|Any CPU.ActiveCfg = Release|Any CPU
		{7C76402A-E00D-48C2-8F0C-7E3914EAB90B}.Release|Any CPU.Build.0 = Release|Any CPU
		{7C76402A-E00D-48C2-8F0C-7E3914EAB90B}.Release|Any CPU.Deploy.0 = Release|Any CPU
	EndGlobalSection
	GlobalSection(SolutionProperties) = preSolution
		HideSolutionNode = FALSE
	EndGlobalSection
	GlobalSection(ExtensibilityGlobals) = postSolution
		SolutionGuid = {831C182E-B878-49C3-8067-7135F5632835}
	EndGlobalSection
EndGlobal
